// !$*UTF8*$!
{
	archiveVersion = 1;
	classes = {
	};
	objectVersion = 50;
	objects = {

/* Begin PBXBuildFile section */
		6FAF5F2A24792FAE00233ADA /* AppDelegate.swift in Sources */ = {isa = PBXBuildFile; fileRef = 6FAF5F2924792FAE00233ADA /* AppDelegate.swift */; };
		6FAF5F2C24792FAE00233ADA /* SceneDelegate.swift in Sources */ = {isa = PBXBuildFile; fileRef = 6FAF5F2B24792FAE00233ADA /* SceneDelegate.swift */; };
		6FAF5F2E24792FAE00233ADA /* ViewController.swift in Sources */ = {isa = PBXBuildFile; fileRef = 6FAF5F2D24792FAE00233ADA /* ViewController.swift */; };
		6FAF5F3124792FAE00233ADA /* Main.storyboard in Resources */ = {isa = PBXBuildFile; fileRef = 6FAF5F2F24792FAE00233ADA /* Main.storyboard */; };
		6FAF5F3324792FB000233ADA /* Assets.xcassets in Resources */ = {isa = PBXBuildFile; fileRef = 6FAF5F3224792FB000233ADA /* Assets.xcassets */; };
		6FAF5F3624792FB000233ADA /* LaunchScreen.storyboard in Resources */ = {isa = PBXBuildFile; fileRef = 6FAF5F3424792FB000233ADA /* LaunchScreen.storyboard */; };
/* End PBXBuildFile section */

/* Begin PBXFileReference section */
		6FAF5F2624792FAE00233ADA /* iosLayananMaskam.app */ = {isa = PBXFileReference; explicitFileType = wrapper.application; includeInIndex = 0; path = iosLayananMaskam.app; sourceTree = BUILT_PRODUCTS_DIR; };
		6FAF5F2924792FAE00233ADA /* AppDelegate.swift */ = {isa = PBXFileReference; lastKnownFileType = sourcecode.swift; path = AppDelegate.swift; sourceTree = "<group>"; };
		6FAF5F2B24792FAE00233ADA /* SceneDelegate.swift */ = {isa = PBXFileReference; lastKnownFileType = sourcecode.swift; path = SceneDelegate.swift; sourceTree = "<group>"; };
		6FAF5F2D24792FAE00233ADA /* ViewController.swift */ = {isa = PBXFileReference; lastKnownFileType = sourcecode.swift; path = ViewController.swift; sourceTree = "<group>"; };
		6FAF5F3024792FAE00233ADA /* Base */ = {isa = PBXFileReference; lastKnownFileType = file.storyboard; name = Base; path = Base.lproj/Main.storyboard; sourceTree = "<group>"; };
		6FAF5F3224792FB000233ADA /* Assets.xcassets */ = {isa = PBXFileReference; lastKnownFileType = folder.assetcatalog; path = Assets.xcassets; sourceTree = "<group>"; };
		6FAF5F3524792FB000233ADA /* Base */ = {isa = PBXFileReference; lastKnownFileType = file.storyboard; name = Base; path = Base.lproj/LaunchScreen.storyboard; sourceTree = "<group>"; };
		6FAF5F3724792FB000233ADA /* Info.plist */ = {isa = PBXFileReference; lastKnownFileType = text.plist.xml; path = Info.plist; sourceTree = "<group>"; };
/* End PBXFileReference section */

/* Begin PBXFrameworksBuildPhase section */
		6FAF5F2324792FAE00233ADA /* Frameworks */ = {
			isa = PBXFrameworksBuildPhase;
			buildActionMask = 2147483647;
			files = (
			);
			runOnlyForDeploymentPostprocessing = 0;
		};
/* End PBXFrameworksBuildPhase section */

/* Begin PBXGroup section */
		6FAF5F1D24792FAE00233ADA = {
			isa = PBXGroup;
			children = (
				6FAF5F2824792FAE00233ADA /* iosLayananMaskam */,
				6FAF5F2724792FAE00233ADA /* Products */,
			);
			sourceTree = "<group>";
		};
		6FAF5F2724792FAE00233ADA /* Products */ = {
			isa = PBXGroup;
			children = (
				6FAF5F2624792FAE00233ADA /* iosLayananMaskam.app */,
			);
			name = Products;
			sourceTree = "<group>";
		};
		6FAF5F2824792FAE00233ADA /* iosLayananMaskam */ = {
			isa = PBXGroup;
			children = (
				6FAF5F2924792FAE00233ADA /* AppDelegate.swift */,
				6FAF5F2B24792FAE00233ADA /* SceneDelegate.swift */,
				6FAF5F2D24792FAE00233ADA /* ViewController.swift */,
				6FAF5F2F24792FAE00233ADA /* Main.storyboard */,
				6FAF5F3224792FB000233ADA /* Assets.xcassets */,
				6FAF5F3424792FB000233ADA /* LaunchScreen.storyboard */,
				6FAF5F3724792FB000233ADA /* Info.plist */,
			);
			path = iosLayananMaskam;
			sourceTree = "<group>";
		};
/* End PBXGroup section */

/* Begin PBXNativeTarget section */
		6FAF5F2524792FAE00233ADA /* iosLayananMaskam */ = {
			isa = PBXNativeTarget;
			buildConfigurationList = 6FAF5F3A24792FB000233ADA /* Build configuration list for PBXNativeTarget "iosLayananMaskam" */;
			buildPhases = (
				6FAF5F2224792FAE00233ADA /* Sources */,
				6FAF5F2324792FAE00233ADA /* Frameworks */,
				6FAF5F2424792FAE00233ADA /* Resources */,
			);
			buildRules = (
			);
			dependencies = (
			);
			name = iosLayananMaskam;
			productName = iosLayananMaskam;
			productReference = 6FAF5F2624792FAE00233ADA /* iosLayananMaskam.app */;
			productType = "com.apple.product-type.application";
		};
/* End PBXNativeTarget section */

/* Begin PBXProject section */
		6FAF5F1E24792FAE00233ADA /* Project object */ = {
			isa = PBXProject;
			attributes = {
				LastSwiftUpdateCheck = 1130;
				LastUpgradeCheck = 1130;
				ORGANIZATIONNAME = "Imam Syuhada";
				TargetAttributes = {
					6FAF5F2524792FAE00233ADA = {
						CreatedOnToolsVersion = 11.3.1;
					};
				};
			};
			buildConfigurationList = 6FAF5F2124792FAE00233ADA /* Build configuration list for PBXProject "iosLayananMaskam" */;
			compatibilityVersion = "Xcode 9.3";
			developmentRegion = en;
			hasScannedForEncodings = 0;
			knownRegions = (
				en,
				Base,
			);
			mainGroup = 6FAF5F1D24792FAE00233ADA;
			productRefGroup = 6FAF5F2724792FAE00233ADA /* Products */;
			projectDirPath = "";
			projectRoot = "";
			targets = (
				6FAF5F2524792FAE00233ADA /* iosLayananMaskam */,
			);
		};
/* End PBXProject section */

/* Begin PBXResourcesBuildPhase section */
		6FAF5F2424792FAE00233ADA /* Resources */ = {
			isa = PBXResourcesBuildPhase;
			buildActionMask = 2147483647;
			files = (
				6FAF5F3624792FB000233ADA /* LaunchScreen.storyboard in Resources */,
				6FAF5F3324792FB000233ADA /* Assets.xcassets in Resources */,
				6FAF5F3124792FAE00233ADA /* Main.storyboard in Resources */,
			);
			runOnlyForDeploymentPostprocessing = 0;
		};
/* End PBXResourcesBuildPhase section */

/* Begin PBXSourcesBuildPhase section */
		6FAF5F2224792FAE00233ADA /* Sources */ = {
			isa = PBXSourcesBuildPhase;
			buildActionMask = 2147483647;
			files = (
				6FAF5F2E24792FAE00233ADA /* ViewController.swift in Sources */,
				6FAF5F2A24792FAE00233ADA /* AppDelegate.swift in Sources */,
				6FAF5F2C24792FAE00233ADA /* SceneDelegate.swift in Sources */,
			);
			runOnlyForDeploymentPostprocessing = 0;
		};
/* End PBXSourcesBuildPhase section */

/* Begin PBXVariantGroup section */
		6FAF5F2F24792FAE00233ADA /* Main.storyboard */ = {
			isa = PBXVariantGroup;
			children = (
				6FAF5F3024792FAE00233ADA /* Base */,
			);
			name = Main.storyboard;
			sourceTree = "<group>";
		};
		6FAF5F3424792FB000233ADA /* LaunchScreen.storyboard */ = {
			isa = PBXVariantGroup;
			children = (
				6FAF5F3524792FB000233ADA /* Base */,
			);
			name = LaunchScreen.storyboard;
			sourceTree = "<group>";
		};
/* End PBXVariantGroup section */

/* Begin XCBuildConfiguration section */
		6FAF5F3824792FB000233ADA /* Debug */ = {
			isa = XCBuildConfiguration;
			buildSettings = {
				ALWAYS_SEARCH_USER_PATHS = NO;
				CLANG_ANALYZER_NONNULL = YES;
				CLANG_ANALYZER_NUMBER_OBJECT_CONVERSION = YES_AGGRESSIVE;
				CLANG_CXX_LANGUAGE_STANDARD = "gnu++14";
				CLANG_CXX_LIBRARY = "libc++";
				CLANG_ENABLE_MODULES = YES;
				CLANG_ENABLE_OBJC_ARC = YES;
				CLANG_ENABLE_OBJC_WEAK = YES;
				CLANG_WARN_BLOCK_CAPTURE_AUTORELEASING = YES;
				CLANG_WARN_BOOL_CONVERSION = YES;
				CLANG_WARN_COMMA = YES;
				CLANG_WARN_CONSTANT_CONVERSION = YES;
				CLANG_WARN_DEPRECATED_OBJC_IMPLEMENTATIONS = YES;
				CLANG_WARN_DIRECT_OBJC_ISA_USAGE = YES_ERROR;
				CLANG_WARN_DOCUMENTATION_COMMENTS = YES;
				CLANG_WARN_EMPTY_BODY = YES;
				CLANG_WARN_ENUM_CONVERSION = YES;
				CLANG_WARN_INFINITE_RECURSION = YES;
				CLANG_WARN_INT_CONVERSION = YES;
				CLANG_WARN_NON_LITERAL_NULL_CONVERSION = YES;
				CLANG_WARN_OBJC_IMPLICIT_RETAIN_SELF = YES;
				CLANG_WARN_OBJC_LITERAL_CONVERSION = YES;
				CLANG_WARN_OBJC_ROOT_CLASS = YES_ERROR;
				CLANG_WARN_RANGE_LOOP_ANALYSIS = YES;
				CLANG_WARN_STRICT_PROTOTYPES = YES;
				CLANG_WARN_SUSPICIOUS_MOVE = YES;
				CLANG_WARN_UNGUARDED_AVAILABILITY = YES_AGGRESSIVE;
				CLANG_WARN_UNREACHABLE_CODE = YES;
				CLANG_WARN__DUPLICATE_METHOD_MATCH = YES;
				COPY_PHASE_STRIP = NO;
				DEBUG_INFORMATION_FORMAT = dwarf;
				ENABLE_STRICT_OBJC_MSGSEND = YES;
				ENABLE_TESTABILITY = YES;
				GCC_C_LANGUAGE_STANDARD = gnu11;
				GCC_DYNAMIC_NO_PIC = NO;
				GCC_NO_COMMON_BLOCKS = YES;
				GCC_OPTIMIZATION_LEVEL = 0;
				GCC_PREPROCESSOR_DEFINITIONS = (
					"DEBUG=1",
					"$(inherited)",
				);
				GCC_WARN_64_TO_32_BIT_CONVERSION = YES;
				GCC_WARN_ABOUT_RETURN_TYPE = YES_ERROR;
				GCC_WARN_UNDECLARED_SELECTOR = YES;
				GCC_WARN_UNINITIALIZED_AUTOS = YES_AGGRESSIVE;
				GCC_WARN_UNUSED_FUNCTION = YES;
				GCC_WARN_UNUSED_VARIABLE = YES;
				IPHONEOS_DEPLOYMENT_TARGET = 13.2;
				MTL_ENABLE_DEBUG_INFO = INCLUDE_SOURCE;
				MTL_FAST_MATH = YES;
				ONLY_ACTIVE_ARCH = YES;
				SDKROOT = iphoneos;
				SWIFT_ACTIVE_COMPILATION_CONDITIONS = DEBUG;
				SWIFT_OPTIMIZATION_LEVEL = "-Onone";
			};
			name = Debug;
		};
		6FAF5F3924792FB000233ADA /* Release */ = {
			isa = XCBuildConfiguration;
			buildSettings = {
				ALWAYS_SEARCH_USER_PATHS = NO;
				CLANG_ANALYZER_NONNULL = YES;
				CLANG_ANALYZER_NUMBER_OBJECT_CONVERSION = YES_AGGRESSIVE;
				CLANG_CXX_LANGUAGE_STANDARD = "gnu++14";
				CLANG_CXX_LIBRARY = "libc++";
				CLANG_ENABLE_MODULES = YES;
				CLANG_ENABLE_OBJC_ARC = YES;
				CLANG_ENABLE_OBJC_WEAK = YES;
				CLANG_WARN_BLOCK_CAPTURE_AUTORELEASING = YES;
				CLANG_WARN_BOOL_CONVERSION = YES;
				CLANG_WARN_COMMA = YES;
				CLANG_WARN_CONSTANT_CONVERSION = YES;
				CLANG_WARN_DEPRECATED_OBJC_IMPLEMENTATIONS = YES;
				CLANG_WARN_DIRECT_OBJC_ISA_USAGE = YES_ERROR;
				CLANG_WARN_DOCUMENTATION_COMMENTS = YES;
				CLANG_WARN_EMPTY_BODY = YES;
				CLANG_WARN_ENUM_CONVERSION = YES;
				CLANG_WARN_INFINITE_RECURSION = YES;
				CLANG_WARN_INT_CONVERSION = YES;
				CLANG_WARN_NON_LITERAL_NULL_CONVERSION = YES;
				CLANG_WARN_OBJC_IMPLICIT_RETAIN_SELF = YES;
				CLANG_WARN_OBJC_LITERAL_CONVERSION = YES;
				CLANG_WARN_OBJC_ROOT_CLASS = YES_ERROR;
				CLANG_WARN_RANGE_LOOP_ANALYSIS = YES;
				CLANG_WARN_STRICT_PROTOTYPES = YES;
				CLANG_WARN_SUSPICIOUS_MOVE = YES;
				CLANG_WARN_UNGUARDED_AVAILABILITY = YES_AGGRESSIVE;
				CLANG_WARN_UNREACHABLE_CODE = YES;
				CLANG_WARN__DUPLICATE_METHOD_MATCH = YES;
				COPY_PHASE_STRIP = NO;
				DEBUG_INFORMATION_FORMAT = "dwarf-with-dsym";
				ENABLE_NS_ASSERTIONS = NO;
				ENABLE_STRICT_OBJC_MSGSEND = YES;
				GCC_C_LANGUAGE_STANDARD = gnu11;
				GCC_NO_COMMON_BLOCKS = YES;
				GCC_WARN_64_TO_32_BIT_CONVERSION = YES;
				GCC_WARN_ABOUT_RETURN_TYPE = YES_ERROR;
				GCC_WARN_UNDECLARED_SELECTOR = YES;
				GCC_WARN_UNINITIALIZED_AUTOS = YES_AGGRESSIVE;
				GCC_WARN_UNUSED_FUNCTION = YES;
				GCC_WARN_UNUSED_VARIABLE = YES;
				IPHONEOS_DEPLOYMENT_TARGET = 13.2;
				MTL_ENABLE_DEBUG_INFO = NO;
				MTL_FAST_MATH = YES;
				SDKROOT = iphoneos;
				SWIFT_COMPILATION_MODE = wholemodule;
				SWIFT_OPTIMIZATION_LEVEL = "-O";
				VALIDATE_PRODUCT = YES;
			};
			name = Release;
		};
		6FAF5F3B24792FB000233ADA /* Debug */ = {
			isa = XCBuildConfiguration;
			buildSettings = {
				ASSETCATALOG_COMPILER_APPICON_NAME = AppIcon;
				CODE_SIGN_STYLE = Automatic;
				INFOPLIST_FILE = iosLayananMaskam/Info.plist;
				LD_RUNPATH_SEARCH_PATHS = (
					"$(inherited)",
					"@executable_path/Frameworks",
				);
				PRODUCT_BUNDLE_IDENTIFIER = com.mamunsyuhada.learn.iosLayananMaskam;
				PRODUCT_NAME = "$(TARGET_NAME)";
				SWIFT_VERSION = 5.0;
				TARGETED_DEVICE_FAMILY = "1,2";
			};
			name = Debug;
		};
		6FAF5F3C24792FB000233ADA /* Release */ = {
			isa = XCBuildConfiguration;
			buildSettings = {
				ASSETCATALOG_COMPILER_APPICON_NAME = AppIcon;
				CODE_SIGN_STYLE = Automatic;
				INFOPLIST_FILE = iosLayananMaskam/Info.plist;
				LD_RUNPATH_SEARCH_PATHS = (
					"$(inherited)",
					"@executable_path/Frameworks",
				);
				PRODUCT_BUNDLE_IDENTIFIER = com.mamunsyuhada.learn.iosLayananMaskam;
				PRODUCT_NAME = "$(TARGET_NAME)";
				SWIFT_VERSION = 5.0;
				TARGETED_DEVICE_FAMILY = "1,2";
			};
			name = Release;
		};
/* End XCBuildConfiguration section */

/* Begin XCConfigurationList section */
		6FAF5F2124792FAE00233ADA /* Build configuration list for PBXProject "iosLayananMaskam" */ = {
			isa = XCConfigurationList;
			buildConfigurations = (
				6FAF5F3824792FB000233ADA /* Debug */,
				6FAF5F3924792FB000233ADA /* Release */,
			);
			defaultConfigurationIsVisible = 0;
			defaultConfigurationName = Release;
		};
		6FAF5F3A24792FB000233ADA /* Build configuration list for PBXNativeTarget "iosLayananMaskam" */ = {
			isa = XCConfigurationList;
			buildConfigurations = (
				6FAF5F3B24792FB000233ADA /* Debug */,
				6FAF5F3C24792FB000233ADA /* Release */,
			);
			defaultConfigurationIsVisible = 0;
			defaultConfigurationName = Release;
		};
/* End XCConfigurationList section */
	};
	rootObject = 6FAF5F1E24792FAE00233ADA /* Project object */;
}
